
Microsoft Visual Studio Solution File, Format Version 12.00
# Visual Studio Version 17
VisualStudioVersion = 17.11.35303.130
MinimumVisualStudioVersion = 10.0.40219.1
Project("{FAE04EC0-301F-11D3-BF4B-00C04F79EFBC}") = "review_one", "review_one\review_one.csproj", "{71F78FA3-0D04-42C2-AD34-72A4D158E6B1}"
EndProject
Global
	GlobalSection(SolutionConfigurationPlatforms) = preSolution
		Debug|Any CPU = Debug|Any CPU
		Release|Any CPU = Release|Any CPU
	EndGlobalSection
	GlobalSection(ProjectConfigurationPlatforms) = postSolution
		{71F78FA3-0D04-42C2-AD34-72A4D158E6B1}.Debug|Any CPU.ActiveCfg = Debug|Any CPU
		{71F78FA3-0D04-42C2-AD34-72A4D158E6B1}.Debug|Any CPU.Build.0 = Debug|Any CPU
		{71F78FA3-0D04-42C2-AD34-72A4D158E6B1}.Release|Any CPU.ActiveCfg = Release|Any CPU
		{71F78FA3-0D04-42C2-AD34-72A4D158E6B1}.Release|Any CPU.Build.0 = Release|Any CPU
	EndGlobalSection
	GlobalSection(SolutionProperties) = preSolution
		HideSolutionNode = FALSE
	EndGlobalSection
	GlobalSection(ExtensibilityGlobals) = postSolution
		SolutionGuid = {DB57D00C-A759-44BF-A2FE-9C70C841AC7B}
	EndGlobalSection
EndGlobal
